
Microsoft Visual Studio Solution File, Format Version 12.00
# Visual Studio Version 16
VisualStudioVersion = 16.0.31112.23
MinimumVisualStudioVersion = 10.0.40219.1
Project("{9A19103F-16F7-4668-BE54-9A1E7A4F7556}") = "ReportsUI", "Reports\ReportsUI.csproj", "{D84CA5CF-F0E0-4375-9637-8A6F7B14879A}"
EndProject
Project("{9A19103F-16F7-4668-BE54-9A1E7A4F7556}") = "Application", "Application\Application.csproj", "{F69A63B5-840F-4E06-A906-A4421B60AD1F}"
EndProject
Project("{9A19103F-16F7-4668-BE54-9A1E7A4F7556}") = "Domain", "Domain\Domain.csproj", "{49A5B871-56AD-4BA4-9CE1-D98AF47328A1}"
EndProject
Project("{9A19103F-16F7-4668-BE54-9A1E7A4F7556}") = "Infrastructure", "Infrastructure\Infrastructure.csproj", "{DF44D4ED-2851-4834-9924-EB0C34B899C1}"
EndProject
Global
	GlobalSection(SolutionConfigurationPlatforms) = preSolution
		Debug|Any CPU = Debug|Any CPU
		Release|Any CPU = Release|Any CPU
	EndGlobalSection
	GlobalSection(ProjectConfigurationPlatforms) = postSolution
		{D84CA5CF-F0E0-4375-9637-8A6F7B14879A}.Debug|Any CPU.ActiveCfg = Debug|Any CPU
		{D84CA5CF-F0E0-4375-9637-8A6F7B14879A}.Debug|Any CPU.Build.0 = Debug|Any CPU
		{D84CA5CF-F0E0-4375-9637-8A6F7B14879A}.Release|Any CPU.ActiveCfg = Release|Any CPU
		{D84CA5CF-F0E0-4375-9637-8A6F7B14879A}.Release|Any CPU.Build.0 = Release|Any CPU
		{F69A63B5-840F-4E06-A906-A4421B60AD1F}.Debug|Any CPU.ActiveCfg = Debug|Any CPU
		{F69A63B5-840F-4E06-A906-A4421B60AD1F}.Debug|Any CPU.Build.0 = Debug|Any CPU
		{F69A63B5-840F-4E06-A906-A4421B60AD1F}.Release|Any CPU.ActiveCfg = Release|Any CPU
		{F69A63B5-840F-4E06-A906-A4421B60AD1F}.Release|Any CPU.Build.0 = Release|Any CPU
		{49A5B871-56AD-4BA4-9CE1-D98AF47328A1}.Debug|Any CPU.ActiveCfg = Debug|Any CPU
		{49A5B871-56AD-4BA4-9CE1-D98AF47328A1}.Debug|Any CPU.Build.0 = Debug|Any CPU
		{49A5B871-56AD-4BA4-9CE1-D98AF47328A1}.Release|Any CPU.ActiveCfg = Release|Any CPU
		{49A5B871-56AD-4BA4-9CE1-D98AF47328A1}.Release|Any CPU.Build.0 = Release|Any CPU
		{DF44D4ED-2851-4834-9924-EB0C34B899C1}.Debug|Any CPU.ActiveCfg = Debug|Any CPU
		{DF44D4ED-2851-4834-9924-EB0C34B899C1}.Debug|Any CPU.Build.0 = Debug|Any CPU
		{DF44D4ED-2851-4834-9924-EB0C34B899C1}.Release|Any CPU.ActiveCfg = Release|Any CPU
		{DF44D4ED-2851-4834-9924-EB0C34B899C1}.Release|Any CPU.Build.0 = Release|Any CPU
	EndGlobalSection
	GlobalSection(SolutionProperties) = preSolution
		HideSolutionNode = FALSE
	EndGlobalSection
	GlobalSection(ExtensibilityGlobals) = postSolution
		SolutionGuid = {405F6FB3-FBC7-4B13-AFEA-4E066ADA5B15}
	EndGlobalSection
EndGlobal
